<Solution>
  <Folder Name="/apps/" />
  <Folder Name="/apps/api/" />
  <Folder Name="/apps/api/src/">
    <Project Path="apps/api/src/Movely.Api/Movely.Api.csproj" />
  </Folder>
  <Folder Name="/tests/" />
  <Folder Name="/tests/api/">
    <Project Path="tests/api/Movely.Api.Tests/Movely.Api.Tests.csproj" />
  </Folder>
</Solution>
